
Microsoft Visual Studio Solution File, Format Version 12.00
# Visual Studio 14
VisualStudioVersion = 14.0.25420.1
MinimumVisualStudioVersion = 10.0.40219.1
Project("{2150E333-8FDC-42A3-9474-1A3956D46DE8}") = "src", "src", "{06DE1261-4D62-4CB5-8BDF-53CEC8B4B11D}"
EndProject
Project("{2150E333-8FDC-42A3-9474-1A3956D46DE8}") = "Solution Items", "Solution Items", "{84D5BFE1-BB5F-4F00-9CC6-82B435A762FD}"
	ProjectSection(SolutionItems) = preProject
		global.json = global.json
	EndProjectSection
EndProject
Project("{8BB2217D-0F2D-49D1-97BC-3654ED321F3B}") = "Bootstrap.AspNetCore.Mvc.TagHelpers", "src\Bootstrap.AspNetCore.Mvc.TagHelpers\Bootstrap.AspNetCore.Mvc.TagHelpers.xproj", "{7CCE1DE8-15C3-4EB4-AC52-231300C808D3}"
EndProject
Global
	GlobalSection(SolutionConfigurationPlatforms) = preSolution
		Debug|Any CPU = Debug|Any CPU
		Release|Any CPU = Release|Any CPU
	EndGlobalSection
	GlobalSection(ProjectConfigurationPlatforms) = postSolution
		{7CCE1DE8-15C3-4EB4-AC52-231300C808D3}.Debug|Any CPU.ActiveCfg = Debug|Any CPU
		{7CCE1DE8-15C3-4EB4-AC52-231300C808D3}.Debug|Any CPU.Build.0 = Debug|Any CPU
		{7CCE1DE8-15C3-4EB4-AC52-231300C808D3}.Release|Any CPU.ActiveCfg = Release|Any CPU
		{7CCE1DE8-15C3-4EB4-AC52-231300C808D3}.Release|Any CPU.Build.0 = Release|Any CPU
	EndGlobalSection
	GlobalSection(SolutionProperties) = preSolution
		HideSolutionNode = FALSE
	EndGlobalSection
	GlobalSection(NestedProjects) = preSolution
		{7CCE1DE8-15C3-4EB4-AC52-231300C808D3} = {06DE1261-4D62-4CB5-8BDF-53CEC8B4B11D}
	EndGlobalSection
EndGlobal
